// !$*UTF8*$!
{
	archiveVersion = 1;
	classes = {
	};
	objectVersion = 50;
	objects = {

/* Begin PBXBuildFile section */
		50357C272152ED6600FB8DFB /* AppDelegate.swift in Sources */ = {isa = PBXBuildFile; fileRef = 50357C262152ED6600FB8DFB /* AppDelegate.swift */; };
		50357C292152ED6600FB8DFB /* ViewController.swift in Sources */ = {isa = PBXBuildFile; fileRef = 50357C282152ED6600FB8DFB /* ViewController.swift */; };
		50357C2C2152ED6600FB8DFB /* Main.storyboard in Resources */ = {isa = PBXBuildFile; fileRef = 50357C2A2152ED6600FB8DFB /* Main.storyboard */; };
		50357C2E2152ED6600FB8DFB /* Assets.xcassets in Resources */ = {isa = PBXBuildFile; fileRef = 50357C2D2152ED6600FB8DFB /* Assets.xcassets */; };
		50357C312152ED6600FB8DFB /* LaunchScreen.storyboard in Resources */ = {isa = PBXBuildFile; fileRef = 50357C2F2152ED6600FB8DFB /* LaunchScreen.storyboard */; };
		507B33BB2152F38500A617C0 /* msso_config.json in Resources */ = {isa = PBXBuildFile; fileRef = 507B33BA2152F38500A617C0 /* msso_config.json */; };
		507B33BD2152F72F00A617C0 /* MyAccountViewController.swift in Sources */ = {isa = PBXBuildFile; fileRef = 507B33BC2152F72F00A617C0 /* MyAccountViewController.swift */; };
		507B33C121530DC400A617C0 /* BalanceViewController.swift in Sources */ = {isa = PBXBuildFile; fileRef = 507B33C021530DC400A617C0 /* BalanceViewController.swift */; };
		507B33C321530E6300A617C0 /* ProfileViewController.swift in Sources */ = {isa = PBXBuildFile; fileRef = 507B33C221530E6300A617C0 /* ProfileViewController.swift */; };
		507B33C521530E9800A617C0 /* TransferViewController.swift in Sources */ = {isa = PBXBuildFile; fileRef = 507B33C421530E9800A617C0 /* TransferViewController.swift */; };
		F63156ECCE0FDCE87B5A870F /* Pods_MAGBankDemo.framework in Frameworks */ = {isa = PBXBuildFile; fileRef = BC589C452A38FEFF2AB0F75C /* Pods_MAGBankDemo.framework */; };
/* End PBXBuildFile section */

/* Begin PBXFileReference section */
		50357C232152ED6500FB8DFB /* MAGBankDemo.app */ = {isa = PBXFileReference; explicitFileType = wrapper.application; includeInIndex = 0; path = MAGBankDemo.app; sourceTree = BUILT_PRODUCTS_DIR; };
		50357C262152ED6600FB8DFB /* AppDelegate.swift */ = {isa = PBXFileReference; lastKnownFileType = sourcecode.swift; path = AppDelegate.swift; sourceTree = "<group>"; };
		50357C282152ED6600FB8DFB /* ViewController.swift */ = {isa = PBXFileReference; lastKnownFileType = sourcecode.swift; path = ViewController.swift; sourceTree = "<group>"; };
		50357C2B2152ED6600FB8DFB /* Base */ = {isa = PBXFileReference; lastKnownFileType = file.storyboard; name = Base; path = Base.lproj/Main.storyboard; sourceTree = "<group>"; };
		50357C2D2152ED6600FB8DFB /* Assets.xcassets */ = {isa = PBXFileReference; lastKnownFileType = folder.assetcatalog; path = Assets.xcassets; sourceTree = "<group>"; };
		50357C302152ED6600FB8DFB /* Base */ = {isa = PBXFileReference; lastKnownFileType = file.storyboard; name = Base; path = Base.lproj/LaunchScreen.storyboard; sourceTree = "<group>"; };
		50357C322152ED6600FB8DFB /* Info.plist */ = {isa = PBXFileReference; lastKnownFileType = text.plist.xml; path = Info.plist; sourceTree = "<group>"; };
		507B33BA2152F38500A617C0 /* msso_config.json */ = {isa = PBXFileReference; lastKnownFileType = text.json; path = msso_config.json; sourceTree = "<group>"; };
		507B33BC2152F72F00A617C0 /* MyAccountViewController.swift */ = {isa = PBXFileReference; lastKnownFileType = sourcecode.swift; path = MyAccountViewController.swift; sourceTree = "<group>"; };
		507B33C021530DC400A617C0 /* BalanceViewController.swift */ = {isa = PBXFileReference; lastKnownFileType = sourcecode.swift; path = BalanceViewController.swift; sourceTree = "<group>"; };
		507B33C221530E6300A617C0 /* ProfileViewController.swift */ = {isa = PBXFileReference; lastKnownFileType = sourcecode.swift; path = ProfileViewController.swift; sourceTree = "<group>"; };
		507B33C421530E9800A617C0 /* TransferViewController.swift */ = {isa = PBXFileReference; lastKnownFileType = sourcecode.swift; path = TransferViewController.swift; sourceTree = "<group>"; };
		BC589C452A38FEFF2AB0F75C /* Pods_MAGBankDemo.framework */ = {isa = PBXFileReference; explicitFileType = wrapper.framework; includeInIndex = 0; path = Pods_MAGBankDemo.framework; sourceTree = BUILT_PRODUCTS_DIR; };
		D5D39EAD932F87DBFDB35BCE /* Pods-MAGBankDemo.debug.xcconfig */ = {isa = PBXFileReference; includeInIndex = 1; lastKnownFileType = text.xcconfig; name = "Pods-MAGBankDemo.debug.xcconfig"; path = "Pods/Target Support Files/Pods-MAGBankDemo/Pods-MAGBankDemo.debug.xcconfig"; sourceTree = "<group>"; };
		E0F388AD93291FE4A5350442 /* Pods-MAGBankDemo.release.xcconfig */ = {isa = PBXFileReference; includeInIndex = 1; lastKnownFileType = text.xcconfig; name = "Pods-MAGBankDemo.release.xcconfig"; path = "Pods/Target Support Files/Pods-MAGBankDemo/Pods-MAGBankDemo.release.xcconfig"; sourceTree = "<group>"; };
/* End PBXFileReference section */

/* Begin PBXFrameworksBuildPhase section */
		50357C202152ED6500FB8DFB /* Frameworks */ = {
			isa = PBXFrameworksBuildPhase;
			buildActionMask = 2147483647;
			files = (
				F63156ECCE0FDCE87B5A870F /* Pods_MAGBankDemo.framework in Frameworks */,
			);
			runOnlyForDeploymentPostprocessing = 0;
		};
/* End PBXFrameworksBuildPhase section */

/* Begin PBXGroup section */
		50357C1A2152ED6500FB8DFB = {
			isa = PBXGroup;
			children = (
				50357C252152ED6600FB8DFB /* MAGBankDemo */,
				50357C242152ED6500FB8DFB /* Products */,
				E88ED76D27444AFE9B123417 /* Pods */,
				A5529FF0F20E89E5481CA525 /* Frameworks */,
			);
			sourceTree = "<group>";
		};
		50357C242152ED6500FB8DFB /* Products */ = {
			isa = PBXGroup;
			children = (
				50357C232152ED6500FB8DFB /* MAGBankDemo.app */,
			);
			name = Products;
			sourceTree = "<group>";
		};
		50357C252152ED6600FB8DFB /* MAGBankDemo */ = {
			isa = PBXGroup;
			children = (
				50357C2A2152ED6600FB8DFB /* Main.storyboard */,
				507B33C621530F1C00A617C0 /* Controllers */,
				50357C2D2152ED6600FB8DFB /* Assets.xcassets */,
				50357C2F2152ED6600FB8DFB /* LaunchScreen.storyboard */,
				50357C322152ED6600FB8DFB /* Info.plist */,
				50357C262152ED6600FB8DFB /* AppDelegate.swift */,
				507B33BA2152F38500A617C0 /* msso_config.json */,
			);
			path = MAGBankDemo;
			sourceTree = "<group>";
		};
		507B33C621530F1C00A617C0 /* Controllers */ = {
			isa = PBXGroup;
			children = (
				50357C282152ED6600FB8DFB /* ViewController.swift */,
				507B33BC2152F72F00A617C0 /* MyAccountViewController.swift */,
				507B33C221530E6300A617C0 /* ProfileViewController.swift */,
				507B33C421530E9800A617C0 /* TransferViewController.swift */,
				507B33C021530DC400A617C0 /* BalanceViewController.swift */,
			);
			path = Controllers;
			sourceTree = "<group>";
		};
		A5529FF0F20E89E5481CA525 /* Frameworks */ = {
			isa = PBXGroup;
			children = (
				BC589C452A38FEFF2AB0F75C /* Pods_MAGBankDemo.framework */,
			);
			name = Frameworks;
			sourceTree = "<group>";
		};
		E88ED76D27444AFE9B123417 /* Pods */ = {
			isa = PBXGroup;
			children = (
				D5D39EAD932F87DBFDB35BCE /* Pods-MAGBankDemo.debug.xcconfig */,
				E0F388AD93291FE4A5350442 /* Pods-MAGBankDemo.release.xcconfig */,
			);
			name = Pods;
			sourceTree = "<group>";
		};
/* End PBXGroup section */

/* Begin PBXNativeTarget section */
		50357C222152ED6500FB8DFB /* MAGBankDemo */ = {
			isa = PBXNativeTarget;
			buildConfigurationList = 50357C352152ED6600FB8DFB /* Build configuration list for PBXNativeTarget "MAGBankDemo" */;
			buildPhases = (
				AE02248CAED86326ADD535BB /* [CP] Check Pods Manifest.lock */,
				50357C1F2152ED6500FB8DFB /* Sources */,
				50357C202152ED6500FB8DFB /* Frameworks */,
				50357C212152ED6500FB8DFB /* Resources */,
				6E5ACECAA2855CE60E213EAD /* [CP] Embed Pods Frameworks */,
			);
			buildRules = (
			);
			dependencies = (
			);
			name = MAGBankDemo;
			productName = MAGBankDemo;
			productReference = 50357C232152ED6500FB8DFB /* MAGBankDemo.app */;
			productType = "com.apple.product-type.application";
		};
/* End PBXNativeTarget section */

/* Begin PBXProject section */
		50357C1B2152ED6500FB8DFB /* Project object */ = {
			isa = PBXProject;
			attributes = {
				LastSwiftUpdateCheck = 0940;
				LastUpgradeCheck = 0940;
				ORGANIZATIONNAME = "Matthew Keller";
				TargetAttributes = {
					50357C222152ED6500FB8DFB = {
						CreatedOnToolsVersion = 9.4.1;
					};
				};
			};
			buildConfigurationList = 50357C1E2152ED6500FB8DFB /* Build configuration list for PBXProject "MAGBankDemo" */;
			compatibilityVersion = "Xcode 9.3";
			developmentRegion = en;
			hasScannedForEncodings = 0;
			knownRegions = (
				en,
				Base,
			);
			mainGroup = 50357C1A2152ED6500FB8DFB;
			productRefGroup = 50357C242152ED6500FB8DFB /* Products */;
			projectDirPath = "";
			projectRoot = "";
			targets = (
				50357C222152ED6500FB8DFB /* MAGBankDemo */,
			);
		};
/* End PBXProject section */

/* Begin PBXResourcesBuildPhase section */
		50357C212152ED6500FB8DFB /* Resources */ = {
			isa = PBXResourcesBuildPhase;
			buildActionMask = 2147483647;
			files = (
				50357C312152ED6600FB8DFB /* LaunchScreen.storyboard in Resources */,
				50357C2E2152ED6600FB8DFB /* Assets.xcassets in Resources */,
				50357C2C2152ED6600FB8DFB /* Main.storyboard in Resources */,
				507B33BB2152F38500A617C0 /* msso_config.json in Resources */,
			);
			runOnlyForDeploymentPostprocessing = 0;
		};
/* End PBXResourcesBuildPhase section */

/* Begin PBXShellScriptBuildPhase section */
		6E5ACECAA2855CE60E213EAD /* [CP] Embed Pods Frameworks */ = {
			isa = PBXShellScriptBuildPhase;
			buildActionMask = 2147483647;
			files = (
			);
			inputPaths = (
				"${SRCROOT}/Pods/Target Support Files/Pods-MAGBankDemo/Pods-MAGBankDemo-frameworks.sh",
				"${PODS_ROOT}/MASConnecta/MASConnecta.framework",
				"${PODS_ROOT}/MASFoundation/MASFoundation.framework",
				"${PODS_ROOT}/MASIdentityManagement/MASIdentityManagement.framework",
				"${PODS_ROOT}/MASStorage/MASStorage.framework",
				"${PODS_ROOT}/MASUI/MASUI.framework",
				"${BUILT_PRODUCTS_DIR}/SVProgressHUD/SVProgressHUD.framework",
				"${BUILT_PRODUCTS_DIR}/SwiftyJSON/SwiftyJSON.framework",
			);
			name = "[CP] Embed Pods Frameworks";
			outputPaths = (
				"${TARGET_BUILD_DIR}/${FRAMEWORKS_FOLDER_PATH}/MASConnecta.framework",
				"${TARGET_BUILD_DIR}/${FRAMEWORKS_FOLDER_PATH}/MASFoundation.framework",
				"${TARGET_BUILD_DIR}/${FRAMEWORKS_FOLDER_PATH}/MASIdentityManagement.framework",
				"${TARGET_BUILD_DIR}/${FRAMEWORKS_FOLDER_PATH}/MASStorage.framework",
				"${TARGET_BUILD_DIR}/${FRAMEWORKS_FOLDER_PATH}/MASUI.framework",
				"${TARGET_BUILD_DIR}/${FRAMEWORKS_FOLDER_PATH}/SVProgressHUD.framework",
				"${TARGET_BUILD_DIR}/${FRAMEWORKS_FOLDER_PATH}/SwiftyJSON.framework",
			);
			runOnlyForDeploymentPostprocessing = 0;
			shellPath = /bin/sh;
			shellScript = "\"${SRCROOT}/Pods/Target Support Files/Pods-MAGBankDemo/Pods-MAGBankDemo-frameworks.sh\"\n";
			showEnvVarsInLog = 0;
		};
		AE02248CAED86326ADD535BB /* [CP] Check Pods Manifest.lock */ = {
			isa = PBXShellScriptBuildPhase;
			buildActionMask = 2147483647;
			files = (
			);
			inputPaths = (
				"${PODS_PODFILE_DIR_PATH}/Podfile.lock",
				"${PODS_ROOT}/Manifest.lock",
			);
			name = "[CP] Check Pods Manifest.lock";
			outputPaths = (
				"$(DERIVED_FILE_DIR)/Pods-MAGBankDemo-checkManifestLockResult.txt",
			);
			runOnlyForDeploymentPostprocessing = 0;
			shellPath = /bin/sh;
			shellScript = "diff \"${PODS_PODFILE_DIR_PATH}/Podfile.lock\" \"${PODS_ROOT}/Manifest.lock\" > /dev/null\nif [ $? != 0 ] ; then\n    # print error to STDERR\n    echo \"error: The sandbox is not in sync with the Podfile.lock. Run 'pod install' or update your CocoaPods installation.\" >&2\n    exit 1\nfi\n# This output is used by Xcode 'outputs' to avoid re-running this script phase.\necho \"SUCCESS\" > \"${SCRIPT_OUTPUT_FILE_0}\"\n";
			showEnvVarsInLog = 0;
		};
/* End PBXShellScriptBuildPhase section */

/* Begin PBXSourcesBuildPhase section */
		50357C1F2152ED6500FB8DFB /* Sources */ = {
			isa = PBXSourcesBuildPhase;
			buildActionMask = 2147483647;
			files = (
				50357C292152ED6600FB8DFB /* ViewController.swift in Sources */,
				507B33C521530E9800A617C0 /* TransferViewController.swift in Sources */,
				50357C272152ED6600FB8DFB /* AppDelegate.swift in Sources */,
				507B33C321530E6300A617C0 /* ProfileViewController.swift in Sources */,
				507B33BD2152F72F00A617C0 /* MyAccountViewController.swift in Sources */,
				507B33C121530DC400A617C0 /* BalanceViewController.swift in Sources */,
			);
			runOnlyForDeploymentPostprocessing = 0;
		};
/* End PBXSourcesBuildPhase section */

/* Begin PBXVariantGroup section */
		50357C2A2152ED6600FB8DFB /* Main.storyboard */ = {
			isa = PBXVariantGroup;
			children = (
				50357C2B2152ED6600FB8DFB /* Base */,
			);
			name = Main.storyboard;
			sourceTree = "<group>";
		};
		50357C2F2152ED6600FB8DFB /* LaunchScreen.storyboard */ = {
			isa = PBXVariantGroup;
			children = (
				50357C302152ED6600FB8DFB /* Base */,
			);
			name = LaunchScreen.storyboard;
			sourceTree = "<group>";
		};
/* End PBXVariantGroup section */

/* Begin XCBuildConfiguration section */
		50357C332152ED6600FB8DFB /* Debug */ = {
			isa = XCBuildConfiguration;
			buildSettings = {
				ALWAYS_SEARCH_USER_PATHS = NO;
				CLANG_ANALYZER_NONNULL = YES;
				CLANG_ANALYZER_NUMBER_OBJECT_CONVERSION = YES_AGGRESSIVE;
				CLANG_CXX_LANGUAGE_STANDARD = "gnu++14";
				CLANG_CXX_LIBRARY = "libc++";
				CLANG_ENABLE_MODULES = YES;
				CLANG_ENABLE_OBJC_ARC = YES;
				CLANG_ENABLE_OBJC_WEAK = YES;
				CLANG_WARN_BLOCK_CAPTURE_AUTORELEASING = YES;
				CLANG_WARN_BOOL_CONVERSION = YES;
				CLANG_WARN_COMMA = YES;
				CLANG_WARN_CONSTANT_CONVERSION = YES;
				CLANG_WARN_DEPRECATED_OBJC_IMPLEMENTATIONS = YES;
				CLANG_WARN_DIRECT_OBJC_ISA_USAGE = YES_ERROR;
				CLANG_WARN_DOCUMENTATION_COMMENTS = YES;
				CLANG_WARN_EMPTY_BODY = YES;
				CLANG_WARN_ENUM_CONVERSION = YES;
				CLANG_WARN_INFINITE_RECURSION = YES;
				CLANG_WARN_INT_CONVERSION = YES;
				CLANG_WARN_NON_LITERAL_NULL_CONVERSION = YES;
				CLANG_WARN_OBJC_IMPLICIT_RETAIN_SELF = YES;
				CLANG_WARN_OBJC_LITERAL_CONVERSION = YES;
				CLANG_WARN_OBJC_ROOT_CLASS = YES_ERROR;
				CLANG_WARN_RANGE_LOOP_ANALYSIS = YES;
				CLANG_WARN_STRICT_PROTOTYPES = YES;
				CLANG_WARN_SUSPICIOUS_MOVE = YES;
				CLANG_WARN_UNGUARDED_AVAILABILITY = YES_AGGRESSIVE;
				CLANG_WARN_UNREACHABLE_CODE = YES;
				CLANG_WARN__DUPLICATE_METHOD_MATCH = YES;
				CODE_SIGN_IDENTITY = "iPhone Developer";
				COPY_PHASE_STRIP = NO;
				DEBUG_INFORMATION_FORMAT = dwarf;
				ENABLE_STRICT_OBJC_MSGSEND = YES;
				ENABLE_TESTABILITY = YES;
				GCC_C_LANGUAGE_STANDARD = gnu11;
				GCC_DYNAMIC_NO_PIC = NO;
				GCC_NO_COMMON_BLOCKS = YES;
				GCC_OPTIMIZATION_LEVEL = 0;
				GCC_PREPROCESSOR_DEFINITIONS = (
					"DEBUG=1",
					"$(inherited)",
				);
				GCC_WARN_64_TO_32_BIT_CONVERSION = YES;
				GCC_WARN_ABOUT_RETURN_TYPE = YES_ERROR;
				GCC_WARN_UNDECLARED_SELECTOR = YES;
				GCC_WARN_UNINITIALIZED_AUTOS = YES_AGGRESSIVE;
				GCC_WARN_UNUSED_FUNCTION = YES;
				GCC_WARN_UNUSED_VARIABLE = YES;
				IPHONEOS_DEPLOYMENT_TARGET = 11.4;
				MTL_ENABLE_DEBUG_INFO = YES;
				ONLY_ACTIVE_ARCH = YES;
				SDKROOT = iphoneos;
				SWIFT_ACTIVE_COMPILATION_CONDITIONS = DEBUG;
				SWIFT_OPTIMIZATION_LEVEL = "-Onone";
			};
			name = Debug;
		};
		50357C342152ED6600FB8DFB /* Release */ = {
			isa = XCBuildConfiguration;
			buildSettings = {
				ALWAYS_SEARCH_USER_PATHS = NO;
				CLANG_ANALYZER_NONNULL = YES;
				CLANG_ANALYZER_NUMBER_OBJECT_CONVERSION = YES_AGGRESSIVE;
				CLANG_CXX_LANGUAGE_STANDARD = "gnu++14";
				CLANG_CXX_LIBRARY = "libc++";
				CLANG_ENABLE_MODULES = YES;
				CLANG_ENABLE_OBJC_ARC = YES;
				CLANG_ENABLE_OBJC_WEAK = YES;
				CLANG_WARN_BLOCK_CAPTURE_AUTORELEASING = YES;
				CLANG_WARN_BOOL_CONVERSION = YES;
				CLANG_WARN_COMMA = YES;
				CLANG_WARN_CONSTANT_CONVERSION = YES;
				CLANG_WARN_DEPRECATED_OBJC_IMPLEMENTATIONS = YES;
				CLANG_WARN_DIRECT_OBJC_ISA_USAGE = YES_ERROR;
				CLANG_WARN_DOCUMENTATION_COMMENTS = YES;
				CLANG_WARN_EMPTY_BODY = YES;
				CLANG_WARN_ENUM_CONVERSION = YES;
				CLANG_WARN_INFINITE_RECURSION = YES;
				CLANG_WARN_INT_CONVERSION = YES;
				CLANG_WARN_NON_LITERAL_NULL_CONVERSION = YES;
				CLANG_WARN_OBJC_IMPLICIT_RETAIN_SELF = YES;
				CLANG_WARN_OBJC_LITERAL_CONVERSION = YES;
				CLANG_WARN_OBJC_ROOT_CLASS = YES_ERROR;
				CLANG_WARN_RANGE_LOOP_ANALYSIS = YES;
				CLANG_WARN_STRICT_PROTOTYPES = YES;
				CLANG_WARN_SUSPICIOUS_MOVE = YES;
				CLANG_WARN_UNGUARDED_AVAILABILITY = YES_AGGRESSIVE;
				CLANG_WARN_UNREACHABLE_CODE = YES;
				CLANG_WARN__DUPLICATE_METHOD_MATCH = YES;
				CODE_SIGN_IDENTITY = "iPhone Developer";
				COPY_PHASE_STRIP = NO;
				DEBUG_INFORMATION_FORMAT = "dwarf-with-dsym";
				ENABLE_NS_ASSERTIONS = NO;
				ENABLE_STRICT_OBJC_MSGSEND = YES;
				GCC_C_LANGUAGE_STANDARD = gnu11;
				GCC_NO_COMMON_BLOCKS = YES;
				GCC_WARN_64_TO_32_BIT_CONVERSION = YES;
				GCC_WARN_ABOUT_RETURN_TYPE = YES_ERROR;
				GCC_WARN_UNDECLARED_SELECTOR = YES;
				GCC_WARN_UNINITIALIZED_AUTOS = YES_AGGRESSIVE;
				GCC_WARN_UNUSED_FUNCTION = YES;
				GCC_WARN_UNUSED_VARIABLE = YES;
				IPHONEOS_DEPLOYMENT_TARGET = 11.4;
				MTL_ENABLE_DEBUG_INFO = NO;
				SDKROOT = iphoneos;
				SWIFT_COMPILATION_MODE = wholemodule;
				SWIFT_OPTIMIZATION_LEVEL = "-O";
				VALIDATE_PRODUCT = YES;
			};
			name = Release;
		};
		50357C362152ED6600FB8DFB /* Debug */ = {
			isa = XCBuildConfiguration;
			baseConfigurationReference = D5D39EAD932F87DBFDB35BCE /* Pods-MAGBankDemo.debug.xcconfig */;
			buildSettings = {
				ASSETCATALOG_COMPILER_APPICON_NAME = AppIcon;
				CODE_SIGN_STYLE = Automatic;
				DEVELOPMENT_TEAM = 2GC735N888;
				INFOPLIST_FILE = MAGBankDemo/Info.plist;
				IPHONEOS_DEPLOYMENT_TARGET = 10.0;
				LD_RUNPATH_SEARCH_PATHS = (
					"$(inherited)",
					"@executable_path/Frameworks",
				);
				PRODUCT_BUNDLE_IDENTIFIER = keller.mat.MAGBankDemo;
				PRODUCT_NAME = "$(TARGET_NAME)";
				SWIFT_VERSION = 4.0;
				TARGETED_DEVICE_FAMILY = "1,2";
			};
			name = Debug;
		};
		50357C372152ED6600FB8DFB /* Release */ = {
			isa = XCBuildConfiguration;
			baseConfigurationReference = E0F388AD93291FE4A5350442 /* Pods-MAGBankDemo.release.xcconfig */;
			buildSettings = {
				ASSETCATALOG_COMPILER_APPICON_NAME = AppIcon;
				CODE_SIGN_STYLE = Automatic;
				DEVELOPMENT_TEAM = 2GC735N888;
				INFOPLIST_FILE = MAGBankDemo/Info.plist;
				IPHONEOS_DEPLOYMENT_TARGET = 10.0;
				LD_RUNPATH_SEARCH_PATHS = (
					"$(inherited)",
					"@executable_path/Frameworks",
				);
				PRODUCT_BUNDLE_IDENTIFIER = keller.mat.MAGBankDemo;
				PRODUCT_NAME = "$(TARGET_NAME)";
				SWIFT_VERSION = 4.0;
				TARGETED_DEVICE_FAMILY = "1,2";
			};
			name = Release;
		};
/* End XCBuildConfiguration section */

/* Begin XCConfigurationList section */
		50357C1E2152ED6500FB8DFB /* Build configuration list for PBXProject "MAGBankDemo" */ = {
			isa = XCConfigurationList;
			buildConfigurations = (
				50357C332152ED6600FB8DFB /* Debug */,
				50357C342152ED6600FB8DFB /* Release */,
			);
			defaultConfigurationIsVisible = 0;
			defaultConfigurationName = Release;
		};
		50357C352152ED6600FB8DFB /* Build configuration list for PBXNativeTarget "MAGBankDemo" */ = {
			isa = XCConfigurationList;
			buildConfigurations = (
				50357C362152ED6600FB8DFB /* Debug */,
				50357C372152ED6600FB8DFB /* Release */,
			);
			defaultConfigurationIsVisible = 0;
			defaultConfigurationName = Release;
		};
/* End XCConfigurationList section */
	};
	rootObject = 50357C1B2152ED6500FB8DFB /* Project object */;
}
